<Solution>
  <Project Path="BlazorMauiWebServer.AppHost/BlazorMauiWebServer.AppHost.csproj" />
  <Project Path="BlazorMauiWebServer.ServiceDefaults/BlazorMauiWebServer.ServiceDefaults.csproj" />
  <Project Path="GokeWebServer/GokeWebServer.Client/GokeWebServer.Client.csproj" />
  <Project Path="GokeWebServer/GokeWebServer/GokeWebServer.csproj" />
</Solution>
